# Closed optional Windows smoke profile. Install only into the base/test venv.
# Exact downloaded artifact SHA-256; no index/dependency resolution.
https://files.pythonhosted.org/packages/93/0e/e0348fbc0dbab65c114cf78957e7dfeb49f8e8b556b4d930cc12ff195e18/scipy-1.18.1-cp313-cp313-win_amd64.whl --hash=sha256:559ed65f60c1af5a03f3912605a1b5114f522c7c32fb23c3376ae8f03219fe28
https://files.pythonhosted.org/packages/97/c9/39d5b874e8b28845e4ec2202b5da735d0199dbe5b8fb85f91398814a9a46/pyyaml-6.0.3-cp313-cp313-win_amd64.whl --hash=sha256:79005a0d97d5ddabfeeea4cf676af11e647e41d81c9a7722a193022accdb6b7c
https://files.pythonhosted.org/packages/7e/cd/fe58041e9011f307c490e3e17dd48cc516448f7c698a3f2d9d9d65d7e6a8/networkx-3.7-py3-none-any.whl --hash=sha256:e3fd2c13a7814cee3746340d8d7f8598a67f16a58bf47fb7f8793fab6efca1b0
https://files.pythonhosted.org/packages/03/e2/08a497ef684b88559c9cc5f4ad53a37e7b99e727094a86d6ea32536d5d3c/pytest_asyncio-1.4.0-py3-none-any.whl --hash=sha256:933ca923a23075a87fb7070c0ec272a6848489824d887c85c812670932835aa1
https://files.pythonhosted.org/packages/7a/33/8312d7ce74670c9d39a532b2c246a853861120486be9443eebf048043637/pytesseract-0.3.13-py3-none-any.whl --hash=sha256:7a99c6c2ac598360693d83a416e36e0b33a67638bb9d77fdcac094a3589d4b34
https://files.pythonhosted.org/packages/e6/dc/a87a5a5e3ac462734f9befd8bad1447301e5802d8c111e22bf708fba7af3/av-19.0.1-cp312-abi3-win_amd64.whl --hash=sha256:906fc3db09288319a75ea23ffefb59961c7dbe0d1c074601507a89de7d8593d8
https://files.pythonhosted.org/packages/98/ae/e31e9c30f686681b78bd089edbefd3675602132612ce5dd187275be8b773/faiss_cpu-1.15.1-cp313-cp313-win_amd64.whl --hash=sha256:8a577dd6d52f685326570105c3d18feb3776799d080534e329a191740d6362b6
